
Microsoft Visual Studio Solution File, Format Version 11.00
# Visual Studio 2010
Project("{8BC9CEB8-8B4A-11D0-8D11-00A0C91BC942}") = "EntitySystem", "EntitySystem\EntitySystem.vcxproj", "{E3A7B189-5CD3-482A-BC66-A6F032586B0A}"
	ProjectSection(ProjectDependencies) = postProject
		{7EC726BF-657A-4F2D-BA24-7EB5F418C11B} = {7EC726BF-657A-4F2D-BA24-7EB5F418C11B}
	EndProjectSection
EndProject
Project("{8BC9CEB8-8B4A-11D0-8D11-00A0C91BC942}") = "Common", "Common\Common.vcxproj", "{A121FCA5-35AB-4F33-A4E2-A33BF4710079}"
EndProject
Project("{8BC9CEB8-8B4A-11D0-8D11-00A0C91BC942}") = "Input", "Input\Input.vcxproj", "{F7F9CA36-DE6F-48B8-9B27-E5F8FB7E4FB6}"
EndProject
Project("{8BC9CEB8-8B4A-11D0-8D11-00A0C91BC942}") = "Launcher", "Launcher\Launcher.vcxproj", "{E41A6615-F115-4192-A983-9A9CBD68126C}"
	ProjectSection(ProjectDependencies) = postProject
		{43EB1FF0-FB97-4771-99CA-78D319ECB9FC} = {43EB1FF0-FB97-4771-99CA-78D319ECB9FC}
	EndProjectSection
EndProject
Project("{8BC9CEB8-8B4A-11D0-8D11-00A0C91BC942}") = "Editor", "Editor\Editor.vcxproj", "{A7F25FD7-7361-497C-B6E8-79542111DCEC}"
	ProjectSection(ProjectDependencies) = postProject
		{43EB1FF0-FB97-4771-99CA-78D319ECB9FC} = {43EB1FF0-FB97-4771-99CA-78D319ECB9FC}
	EndProjectSection
EndProject
Project("{8BC9CEB8-8B4A-11D0-8D11-00A0C91BC942}") = "Unittest", "Unittest\Unittest.vcxproj", "{7EC726BF-657A-4F2D-BA24-7EB5F418C11B}"
EndProject
Project("{8BC9CEB8-8B4A-11D0-8D11-00A0C91BC942}") = "gtest", "Middleware\gtest-1.6.0\msvc\gtest.vcxproj", "{C8F6C172-56F2-4E76-B5FA-C3B423B31BE7}"
EndProject
Project("{8BC9CEB8-8B4A-11D0-8D11-00A0C91BC942}") = "Renderer9", "Renderer\Renderer9.vcxproj", "{507BFE04-A5D7-4398-99BE-437A268067F5}"
EndProject
Project("{8BC9CEB8-8B4A-11D0-8D11-00A0C91BC942}") = "Renderer11", "Renderer\Renderer11.vcxproj", "{ADAB4CA7-675D-4AE4-88C6-CACE9C564546}"
EndProject
Project("{8BC9CEB8-8B4A-11D0-8D11-00A0C91BC942}") = "Framework", "Framework\Framework.vcxproj", "{43EB1FF0-FB97-4771-99CA-78D319ECB9FC}"
EndProject
Project("{2150E333-8FDC-42A3-9474-1A3956D46DE8}") = "Engine", "Engine", "{6AC5A29F-CF70-4A71-887B-7E881F6B7C09}"
EndProject
Project("{2150E333-8FDC-42A3-9474-1A3956D46DE8}") = "extension_libs(exclude build)", "extension_libs(exclude build)", "{3CC1D4AC-9B18-4A1A-9E1E-3BF6A73E53B0}"
EndProject
Project("{2150E333-8FDC-42A3-9474-1A3956D46DE8}") = "unittest", "unittest", "{2AD8627D-1B0A-41D6-8294-C2F563DDC8B7}"
EndProject
Project("{2150E333-8FDC-42A3-9474-1A3956D46DE8}") = "editor", "editor", "{718DB7C5-C3A4-4ED1-B35D-5D4175E9C947}"
EndProject
Project("{2150E333-8FDC-42A3-9474-1A3956D46DE8}") = "renderer", "renderer", "{56AC5041-F3C0-4383-ADCE-4F667E778872}"
EndProject
Project("{2150E333-8FDC-42A3-9474-1A3956D46DE8}") = "launcher", "launcher", "{2A6F4ABA-EDC0-46E6-AEE5-5C3D8EBCE1B5}"
EndProject
Project("{8BC9CEB8-8B4A-11D0-8D11-00A0C91BC942}") = "ShaderFactory", "ShaderFactory\ShaderFactory.vcxproj", "{C5E7D05B-6E15-466F-ABB8-0ABECF55E40F}"
EndProject
Global
	GlobalSection(SolutionConfigurationPlatforms) = preSolution
		Debug_unitybuild|Win32 = Debug_unitybuild|Win32
		Debug|Win32 = Debug|Win32
		Release_unitybuild|Win32 = Release_unitybuild|Win32
		Release|Win32 = Release|Win32
	EndGlobalSection
	GlobalSection(ProjectConfigurationPlatforms) = postSolution
		{E3A7B189-5CD3-482A-BC66-A6F032586B0A}.Debug_unitybuild|Win32.ActiveCfg = Debug|Win32
		{E3A7B189-5CD3-482A-BC66-A6F032586B0A}.Debug_unitybuild|Win32.Build.0 = Debug|Win32
		{E3A7B189-5CD3-482A-BC66-A6F032586B0A}.Debug|Win32.ActiveCfg = Debug|Win32
		{E3A7B189-5CD3-482A-BC66-A6F032586B0A}.Debug|Win32.Build.0 = Debug|Win32
		{E3A7B189-5CD3-482A-BC66-A6F032586B0A}.Release_unitybuild|Win32.ActiveCfg = Release|Win32
		{E3A7B189-5CD3-482A-BC66-A6F032586B0A}.Release_unitybuild|Win32.Build.0 = Release|Win32
		{E3A7B189-5CD3-482A-BC66-A6F032586B0A}.Release|Win32.ActiveCfg = Release|Win32
		{E3A7B189-5CD3-482A-BC66-A6F032586B0A}.Release|Win32.Build.0 = Release|Win32
		{A121FCA5-35AB-4F33-A4E2-A33BF4710079}.Debug_unitybuild|Win32.ActiveCfg = Debug|Win32
		{A121FCA5-35AB-4F33-A4E2-A33BF4710079}.Debug_unitybuild|Win32.Build.0 = Debug|Win32
		{A121FCA5-35AB-4F33-A4E2-A33BF4710079}.Debug|Win32.ActiveCfg = Debug|Win32
		{A121FCA5-35AB-4F33-A4E2-A33BF4710079}.Release_unitybuild|Win32.ActiveCfg = Release|Win32
		{A121FCA5-35AB-4F33-A4E2-A33BF4710079}.Release_unitybuild|Win32.Build.0 = Release|Win32
		{A121FCA5-35AB-4F33-A4E2-A33BF4710079}.Release|Win32.ActiveCfg = Release|Win32
		{F7F9CA36-DE6F-48B8-9B27-E5F8FB7E4FB6}.Debug_unitybuild|Win32.ActiveCfg = Debug|Win32
		{F7F9CA36-DE6F-48B8-9B27-E5F8FB7E4FB6}.Debug_unitybuild|Win32.Build.0 = Debug|Win32
		{F7F9CA36-DE6F-48B8-9B27-E5F8FB7E4FB6}.Debug|Win32.ActiveCfg = Debug|Win32
		{F7F9CA36-DE6F-48B8-9B27-E5F8FB7E4FB6}.Debug|Win32.Build.0 = Debug|Win32
		{F7F9CA36-DE6F-48B8-9B27-E5F8FB7E4FB6}.Release_unitybuild|Win32.ActiveCfg = Release|Win32
		{F7F9CA36-DE6F-48B8-9B27-E5F8FB7E4FB6}.Release_unitybuild|Win32.Build.0 = Release|Win32
		{F7F9CA36-DE6F-48B8-9B27-E5F8FB7E4FB6}.Release|Win32.ActiveCfg = Release|Win32
		{F7F9CA36-DE6F-48B8-9B27-E5F8FB7E4FB6}.Release|Win32.Build.0 = Release|Win32
		{E41A6615-F115-4192-A983-9A9CBD68126C}.Debug_unitybuild|Win32.ActiveCfg = Debug|Win32
		{E41A6615-F115-4192-A983-9A9CBD68126C}.Debug_unitybuild|Win32.Build.0 = Debug|Win32
		{E41A6615-F115-4192-A983-9A9CBD68126C}.Debug|Win32.ActiveCfg = Debug|Win32
		{E41A6615-F115-4192-A983-9A9CBD68126C}.Debug|Win32.Build.0 = Debug|Win32
		{E41A6615-F115-4192-A983-9A9CBD68126C}.Release_unitybuild|Win32.ActiveCfg = Release|Win32
		{E41A6615-F115-4192-A983-9A9CBD68126C}.Release_unitybuild|Win32.Build.0 = Release|Win32
		{E41A6615-F115-4192-A983-9A9CBD68126C}.Release|Win32.ActiveCfg = Release|Win32
		{E41A6615-F115-4192-A983-9A9CBD68126C}.Release|Win32.Build.0 = Release|Win32
		{A7F25FD7-7361-497C-B6E8-79542111DCEC}.Debug_unitybuild|Win32.ActiveCfg = Debug|Win32
		{A7F25FD7-7361-497C-B6E8-79542111DCEC}.Debug_unitybuild|Win32.Build.0 = Debug|Win32
		{A7F25FD7-7361-497C-B6E8-79542111DCEC}.Debug|Win32.ActiveCfg = Debug|Win32
		{A7F25FD7-7361-497C-B6E8-79542111DCEC}.Debug|Win32.Build.0 = Debug|Win32
		{A7F25FD7-7361-497C-B6E8-79542111DCEC}.Release_unitybuild|Win32.ActiveCfg = Release|Win32
		{A7F25FD7-7361-497C-B6E8-79542111DCEC}.Release_unitybuild|Win32.Build.0 = Release|Win32
		{A7F25FD7-7361-497C-B6E8-79542111DCEC}.Release|Win32.ActiveCfg = Release|Win32
		{A7F25FD7-7361-497C-B6E8-79542111DCEC}.Release|Win32.Build.0 = Release|Win32
		{7EC726BF-657A-4F2D-BA24-7EB5F418C11B}.Debug_unitybuild|Win32.ActiveCfg = Debug_unitybuild|Win32
		{7EC726BF-657A-4F2D-BA24-7EB5F418C11B}.Debug_unitybuild|Win32.Build.0 = Debug_unitybuild|Win32
		{7EC726BF-657A-4F2D-BA24-7EB5F418C11B}.Debug|Win32.ActiveCfg = Debug|Win32
		{7EC726BF-657A-4F2D-BA24-7EB5F418C11B}.Debug|Win32.Build.0 = Debug|Win32
		{7EC726BF-657A-4F2D-BA24-7EB5F418C11B}.Release_unitybuild|Win32.ActiveCfg = Release_unitybuild|Win32
		{7EC726BF-657A-4F2D-BA24-7EB5F418C11B}.Release_unitybuild|Win32.Build.0 = Release_unitybuild|Win32
		{7EC726BF-657A-4F2D-BA24-7EB5F418C11B}.Release|Win32.ActiveCfg = Release|Win32
		{7EC726BF-657A-4F2D-BA24-7EB5F418C11B}.Release|Win32.Build.0 = Release|Win32
		{C8F6C172-56F2-4E76-B5FA-C3B423B31BE7}.Debug_unitybuild|Win32.ActiveCfg = Debug|Win32
		{C8F6C172-56F2-4E76-B5FA-C3B423B31BE7}.Debug_unitybuild|Win32.Build.0 = Debug|Win32
		{C8F6C172-56F2-4E76-B5FA-C3B423B31BE7}.Debug|Win32.ActiveCfg = Debug|Win32
		{C8F6C172-56F2-4E76-B5FA-C3B423B31BE7}.Release_unitybuild|Win32.ActiveCfg = Release|Win32
		{C8F6C172-56F2-4E76-B5FA-C3B423B31BE7}.Release_unitybuild|Win32.Build.0 = Release|Win32
		{C8F6C172-56F2-4E76-B5FA-C3B423B31BE7}.Release|Win32.ActiveCfg = Release|Win32
		{507BFE04-A5D7-4398-99BE-437A268067F5}.Debug_unitybuild|Win32.ActiveCfg = Debug|Win32
		{507BFE04-A5D7-4398-99BE-437A268067F5}.Debug_unitybuild|Win32.Build.0 = Debug|Win32
		{507BFE04-A5D7-4398-99BE-437A268067F5}.Debug|Win32.ActiveCfg = Debug|Win32
		{507BFE04-A5D7-4398-99BE-437A268067F5}.Debug|Win32.Build.0 = Debug|Win32
		{507BFE04-A5D7-4398-99BE-437A268067F5}.Release_unitybuild|Win32.ActiveCfg = Release|Win32
		{507BFE04-A5D7-4398-99BE-437A268067F5}.Release_unitybuild|Win32.Build.0 = Release|Win32
		{507BFE04-A5D7-4398-99BE-437A268067F5}.Release|Win32.ActiveCfg = Release|Win32
		{507BFE04-A5D7-4398-99BE-437A268067F5}.Release|Win32.Build.0 = Release|Win32
		{ADAB4CA7-675D-4AE4-88C6-CACE9C564546}.Debug_unitybuild|Win32.ActiveCfg = Debug|Win32
		{ADAB4CA7-675D-4AE4-88C6-CACE9C564546}.Debug_unitybuild|Win32.Build.0 = Debug|Win32
		{ADAB4CA7-675D-4AE4-88C6-CACE9C564546}.Debug|Win32.ActiveCfg = Debug|Win32
		{ADAB4CA7-675D-4AE4-88C6-CACE9C564546}.Debug|Win32.Build.0 = Debug|Win32
		{ADAB4CA7-675D-4AE4-88C6-CACE9C564546}.Release_unitybuild|Win32.ActiveCfg = Release|Win32
		{ADAB4CA7-675D-4AE4-88C6-CACE9C564546}.Release_unitybuild|Win32.Build.0 = Release|Win32
		{ADAB4CA7-675D-4AE4-88C6-CACE9C564546}.Release|Win32.ActiveCfg = Release|Win32
		{ADAB4CA7-675D-4AE4-88C6-CACE9C564546}.Release|Win32.Build.0 = Release|Win32
		{43EB1FF0-FB97-4771-99CA-78D319ECB9FC}.Debug_unitybuild|Win32.ActiveCfg = Debug|Win32
		{43EB1FF0-FB97-4771-99CA-78D319ECB9FC}.Debug_unitybuild|Win32.Build.0 = Debug|Win32
		{43EB1FF0-FB97-4771-99CA-78D319ECB9FC}.Debug|Win32.ActiveCfg = Debug|Win32
		{43EB1FF0-FB97-4771-99CA-78D319ECB9FC}.Debug|Win32.Build.0 = Debug|Win32
		{43EB1FF0-FB97-4771-99CA-78D319ECB9FC}.Release_unitybuild|Win32.ActiveCfg = Release|Win32
		{43EB1FF0-FB97-4771-99CA-78D319ECB9FC}.Release_unitybuild|Win32.Build.0 = Release|Win32
		{43EB1FF0-FB97-4771-99CA-78D319ECB9FC}.Release|Win32.ActiveCfg = Release|Win32
		{43EB1FF0-FB97-4771-99CA-78D319ECB9FC}.Release|Win32.Build.0 = Release|Win32
		{C5E7D05B-6E15-466F-ABB8-0ABECF55E40F}.Debug_unitybuild|Win32.ActiveCfg = Debug|Win32
		{C5E7D05B-6E15-466F-ABB8-0ABECF55E40F}.Debug_unitybuild|Win32.Build.0 = Debug|Win32
		{C5E7D05B-6E15-466F-ABB8-0ABECF55E40F}.Debug|Win32.ActiveCfg = Debug|Win32
		{C5E7D05B-6E15-466F-ABB8-0ABECF55E40F}.Debug|Win32.Build.0 = Debug|Win32
		{C5E7D05B-6E15-466F-ABB8-0ABECF55E40F}.Release_unitybuild|Win32.ActiveCfg = Release|Win32
		{C5E7D05B-6E15-466F-ABB8-0ABECF55E40F}.Release_unitybuild|Win32.Build.0 = Release|Win32
		{C5E7D05B-6E15-466F-ABB8-0ABECF55E40F}.Release|Win32.ActiveCfg = Release|Win32
		{C5E7D05B-6E15-466F-ABB8-0ABECF55E40F}.Release|Win32.Build.0 = Release|Win32
	EndGlobalSection
	GlobalSection(SolutionProperties) = preSolution
		HideSolutionNode = FALSE
	EndGlobalSection
	GlobalSection(NestedProjects) = preSolution
		{A121FCA5-35AB-4F33-A4E2-A33BF4710079} = {6AC5A29F-CF70-4A71-887B-7E881F6B7C09}
		{F7F9CA36-DE6F-48B8-9B27-E5F8FB7E4FB6} = {6AC5A29F-CF70-4A71-887B-7E881F6B7C09}
		{43EB1FF0-FB97-4771-99CA-78D319ECB9FC} = {6AC5A29F-CF70-4A71-887B-7E881F6B7C09}
		{E3A7B189-5CD3-482A-BC66-A6F032586B0A} = {6AC5A29F-CF70-4A71-887B-7E881F6B7C09}
		{E41A6615-F115-4192-A983-9A9CBD68126C} = {2A6F4ABA-EDC0-46E6-AEE5-5C3D8EBCE1B5}
		{A7F25FD7-7361-497C-B6E8-79542111DCEC} = {718DB7C5-C3A4-4ED1-B35D-5D4175E9C947}
		{7EC726BF-657A-4F2D-BA24-7EB5F418C11B} = {2AD8627D-1B0A-41D6-8294-C2F563DDC8B7}
		{C8F6C172-56F2-4E76-B5FA-C3B423B31BE7} = {3CC1D4AC-9B18-4A1A-9E1E-3BF6A73E53B0}
		{56AC5041-F3C0-4383-ADCE-4F667E778872} = {3CC1D4AC-9B18-4A1A-9E1E-3BF6A73E53B0}
		{ADAB4CA7-675D-4AE4-88C6-CACE9C564546} = {56AC5041-F3C0-4383-ADCE-4F667E778872}
		{507BFE04-A5D7-4398-99BE-437A268067F5} = {56AC5041-F3C0-4383-ADCE-4F667E778872}
		{C5E7D05B-6E15-466F-ABB8-0ABECF55E40F} = {56AC5041-F3C0-4383-ADCE-4F667E778872}
	EndGlobalSection
EndGlobal
