<?xml version="1.0" encoding="utf-8"?>
<Project ToolsVersion="4.0" xmlns="http://schemas.microsoft.com/developer/msbuild/2003">
  <ItemGroup>
    <ClCompile Include="all_cpp.cpp" />
    <ClCompile Include="stdafx.cpp" />
    <ClCompile Include="Unity_1.cpp" />
    <ClCompile Include="Unity_2.cpp" />
    <ClCompile Include="Unity_3.cpp" />
    <ClCompile Include="Unity_4.cpp" />
    <ClCompile Include="util\Utility.cpp">
      <Filter>util</Filter>
    </ClCompile>
    <ClCompile Include="tinyXml\tinystr.cpp">
      <Filter>tinyXml</Filter>
    </ClCompile>
    <ClCompile Include="tinyXml\tinyxmlparser.cpp">
      <Filter>tinyXml</Filter>
    </ClCompile>
    <ClCompile Include="tinyXml\tinyxml.cpp">
      <Filter>tinyXml</Filter>
    </ClCompile>
    <ClCompile Include="tinyXml\tinyxmlerror.cpp">
      <Filter>tinyXml</Filter>
    </ClCompile>
  </ItemGroup>
  <ItemGroup>
    <ClInclude Include="stdafx.h" />
    <ClInclude Include="util\Utility.h">
      <Filter>util</Filter>
    </ClInclude>
    <ClInclude Include="tinyXml\tinystr.h">
      <Filter>tinyXml</Filter>
    </ClInclude>
    <ClInclude Include="tinyXml\tinyxml.h">
      <Filter>tinyXml</Filter>
    </ClInclude>
  </ItemGroup>
  <ItemGroup>
    <None Include="ReadMe.txt" />
  </ItemGroup>
  <ItemGroup>
    <Filter Include="util">
      <UniqueIdentifier>{3da5c0ea-ee81-4a73-b2f6-604b2e200b6e}</UniqueIdentifier>
    </Filter>
    <Filter Include="tinyXml">
      <UniqueIdentifier>{60afb6e8-1725-4177-831f-07f34f1828f1}</UniqueIdentifier>
    </Filter>
  </ItemGroup>
</Project>