
Microsoft Visual Studio Solution File, Format Version 9.00
# Visual Studio 2005
Project("{8BC9CEB8-8B4A-11D0-8D11-00A0C91BC942}") = "choding", "choding\choding.vcproj", "{73F5138D-F518-49EA-81A1-40AB0DA84E9E}"
EndProject
Project("{8BC9CEB8-8B4A-11D0-8D11-00A0C91BC942}") = "Snowboard", "chodingModule\Snowboard\Snowboard.vcproj", "{4532E540-0FED-4A93-BB17-03F7214E661B}"
	ProjectSection(ProjectDependencies) = postProject
		{73F5138D-F518-49EA-81A1-40AB0DA84E9E} = {73F5138D-F518-49EA-81A1-40AB0DA84E9E}
	EndProjectSection
EndProject
Global
	GlobalSection(SolutionConfigurationPlatforms) = preSolution
		Debug|Win32 = Debug|Win32
		Release|Win32 = Release|Win32
	EndGlobalSection
	GlobalSection(ProjectConfigurationPlatforms) = postSolution
		{73F5138D-F518-49EA-81A1-40AB0DA84E9E}.Debug|Win32.ActiveCfg = Debug|Win32
		{73F5138D-F518-49EA-81A1-40AB0DA84E9E}.Debug|Win32.Build.0 = Debug|Win32
		{73F5138D-F518-49EA-81A1-40AB0DA84E9E}.Release|Win32.ActiveCfg = Release|Win32
		{73F5138D-F518-49EA-81A1-40AB0DA84E9E}.Release|Win32.Build.0 = Release|Win32
		{4532E540-0FED-4A93-BB17-03F7214E661B}.Debug|Win32.ActiveCfg = Debug|Win32
		{4532E540-0FED-4A93-BB17-03F7214E661B}.Debug|Win32.Build.0 = Debug|Win32
		{4532E540-0FED-4A93-BB17-03F7214E661B}.Release|Win32.ActiveCfg = Release|Win32
		{4532E540-0FED-4A93-BB17-03F7214E661B}.Release|Win32.Build.0 = Release|Win32
	EndGlobalSection
	GlobalSection(SolutionProperties) = preSolution
		HideSolutionNode = FALSE
	EndGlobalSection
EndGlobal
