<?xml version="1.0" encoding="utf-8"?>
<Project ToolsVersion="4.0" xmlns="http://schemas.microsoft.com/developer/msbuild/2003">
  <ItemGroup>
    <ClInclude Include="stdafx.h" />
    <ClInclude Include="RendererSystem.h" />
    <ClInclude Include="RenderFrame.h" />
    <ClInclude Include="RenderStateGroup.h" />
    <ClInclude Include="RendererBase.h" />
    <ClInclude Include="RendererDX9.h" />
    <ClInclude Include="RenderSystem.h" />
    <ClInclude Include="DeviceManager.h" />
    <ClInclude Include="Window.h" />
    <ClInclude Include="IRenderObject\IRenderObject.h">
      <Filter>IRenderObject</Filter>
    </ClInclude>
    <ClInclude Include="IRenderObject\Mesh\Vertex.h">
      <Filter>IRenderObject\Mesh</Filter>
    </ClInclude>
    <ClInclude Include="IRenderObject\Mesh\IMesh.h">
      <Filter>IRenderObject\Mesh</Filter>
    </ClInclude>
    <ClInclude Include="IRenderObject\Mesh\Staticmesh.h">
      <Filter>IRenderObject\Mesh\StaticMesh</Filter>
    </ClInclude>
    <ClInclude Include="IRenderObject\Mesh\SkinnedMesh.h">
      <Filter>IRenderObject\Mesh\SkinnedMesh</Filter>
    </ClInclude>
    <ClInclude Include="IRenderObject\Mesh\MorphingMesh.h">
      <Filter>IRenderObject\Mesh\MorphingMesh</Filter>
    </ClInclude>
  </ItemGroup>
  <ItemGroup>
    <ClCompile Include="stdafx.cpp" />
    <ClCompile Include="RendererSystem.cpp" />
    <ClCompile Include="RenderFrame.cpp" />
    <ClCompile Include="RenderStateGroup.cpp" />
    <ClCompile Include="RendererBase.cpp" />
    <ClCompile Include="RendererDX9.cpp" />
    <ClCompile Include="RenderSystem.cpp" />
    <ClCompile Include="DeviceManager.cpp" />
    <ClCompile Include="Window.cpp" />
    <ClCompile Include="IRenderObject\IRenderObject.cpp">
      <Filter>IRenderObject</Filter>
    </ClCompile>
    <ClCompile Include="IRenderObject\Mesh\IMesh.cpp">
      <Filter>IRenderObject\Mesh</Filter>
    </ClCompile>
    <ClCompile Include="IRenderObject\Mesh\Staticmesh.cpp">
      <Filter>IRenderObject\Mesh\StaticMesh</Filter>
    </ClCompile>
    <ClCompile Include="IRenderObject\Mesh\SkinnedMesh.cpp">
      <Filter>IRenderObject\Mesh\SkinnedMesh</Filter>
    </ClCompile>
    <ClCompile Include="IRenderObject\Mesh\MorphingMesh.cpp">
      <Filter>IRenderObject\Mesh\MorphingMesh</Filter>
    </ClCompile>
  </ItemGroup>
  <ItemGroup>
    <Filter Include="IRenderObject">
      <UniqueIdentifier>{bb286f15-4307-4ab8-ac56-b3f13a1f1439}</UniqueIdentifier>
    </Filter>
    <Filter Include="IRenderObject\Mesh">
      <UniqueIdentifier>{02f2dbbc-52da-4203-a9b8-253f5c52b766}</UniqueIdentifier>
    </Filter>
    <Filter Include="IRenderObject\Mesh\StaticMesh">
      <UniqueIdentifier>{eb8dda92-2189-4cc9-b9d4-fe594a0395f0}</UniqueIdentifier>
    </Filter>
    <Filter Include="IRenderObject\Mesh\SkinnedMesh">
      <UniqueIdentifier>{de9893e4-2f05-4ac2-ae9a-f2d996f42895}</UniqueIdentifier>
    </Filter>
    <Filter Include="IRenderObject\Mesh\MorphingMesh">
      <UniqueIdentifier>{0665fe64-6018-4d15-9a18-fbcfb191e2a5}</UniqueIdentifier>
    </Filter>
  </ItemGroup>
</Project>