<?xml version="1.0" encoding="utf-8"?>
<Project ToolsVersion="4.0" xmlns="http://schemas.microsoft.com/developer/msbuild/2003">
  <ItemGroup>
    <Filter Include="Entity">
      <UniqueIdentifier>{a2087c54-ccb1-4a0e-80a2-2a76535eef4e}</UniqueIdentifier>
    </Filter>
    <Filter Include="Component">
      <UniqueIdentifier>{5b765ef5-1835-41a2-9835-cf8304350b01}</UniqueIdentifier>
    </Filter>
    <Filter Include="Component\Visual">
      <UniqueIdentifier>{5759c5bc-cf7b-4ccc-b3a6-aed363988a41}</UniqueIdentifier>
    </Filter>
    <Filter Include="Component\Visual\Mesh">
      <UniqueIdentifier>{413305bf-2006-494d-92a9-90ee74893480}</UniqueIdentifier>
    </Filter>
    <Filter Include="Component\Visual\Mesh\MorphingMesh">
      <UniqueIdentifier>{e820551d-fc1c-4667-827c-d3edacf874c6}</UniqueIdentifier>
    </Filter>
    <Filter Include="Component\Visual\Mesh\SkinnedMesh">
      <UniqueIdentifier>{d2415fa2-fb45-4747-bec5-3c2ba2a32ae2}</UniqueIdentifier>
    </Filter>
    <Filter Include="Component\Visual\Mesh\StaticMesh">
      <UniqueIdentifier>{5ade1082-9fb5-4965-859f-0603fe67871c}</UniqueIdentifier>
    </Filter>
  </ItemGroup>
  <ItemGroup>
    <ClInclude Include="Entity\IEntity.h">
      <Filter>Entity</Filter>
    </ClInclude>
    <ClInclude Include="stdafx.h" />
    <ClInclude Include="EntitySystem.h" />
    <ClInclude Include="Component\IComponent.h">
      <Filter>Component</Filter>
    </ClInclude>
    <ClInclude Include="EntityEvent.h" />
    <ClInclude Include="Component\Visual\StaticMesh.h">
      <Filter>Component\Visual\Mesh\StaticMesh</Filter>
    </ClInclude>
    <ClInclude Include="Component\Visual\SkinnedMesh.h">
      <Filter>Component\Visual\Mesh\SkinnedMesh</Filter>
    </ClInclude>
    <ClInclude Include="Component\Visual\MorphingMesh.h">
      <Filter>Component\Visual\Mesh\MorphingMesh</Filter>
    </ClInclude>
    <ClInclude Include="Component\Visual\Vertex.h">
      <Filter>Component\Visual\Mesh</Filter>
    </ClInclude>
  </ItemGroup>
  <ItemGroup>
    <ClCompile Include="Entity\IEntity.cpp">
      <Filter>Entity</Filter>
    </ClCompile>
    <ClCompile Include="stdafx.cpp" />
    <ClCompile Include="EntitySystem.cpp" />
    <ClCompile Include="Component\IComponent.cpp">
      <Filter>Component</Filter>
    </ClCompile>
    <ClCompile Include="Component\Visual\StaticMesh.cpp">
      <Filter>Component\Visual\Mesh\StaticMesh</Filter>
    </ClCompile>
    <ClCompile Include="Component\Visual\SkinnedMesh.cpp">
      <Filter>Component\Visual\Mesh\SkinnedMesh</Filter>
    </ClCompile>
    <ClCompile Include="Component\Visual\MorphingMesh.cpp">
      <Filter>Component\Visual\Mesh\MorphingMesh</Filter>
    </ClCompile>
  </ItemGroup>
</Project>