<?xml version="1.0" encoding="utf-8"?>
<Project ToolsVersion="4.0" xmlns="http://schemas.microsoft.com/developer/msbuild/2003">
  <ItemGroup>
    <Filter Include="Entity">
      <UniqueIdentifier>{a2087c54-ccb1-4a0e-80a2-2a76535eef4e}</UniqueIdentifier>
    </Filter>
    <Filter Include="Component">
      <UniqueIdentifier>{5b765ef5-1835-41a2-9835-cf8304350b01}</UniqueIdentifier>
    </Filter>
    <Filter Include="Component\RenderObject">
      <UniqueIdentifier>{22dda6bb-8ae8-44ed-b21d-78f6d7c70dea}</UniqueIdentifier>
    </Filter>
  </ItemGroup>
  <ItemGroup>
    <ClInclude Include="Entity\IEntity.h">
      <Filter>Entity</Filter>
    </ClInclude>
    <ClInclude Include="stdafx.h" />
    <ClInclude Include="EntitySystem.h" />
    <ClInclude Include="Component\IComponent.h">
      <Filter>Component</Filter>
    </ClInclude>
    <ClInclude Include="Component\RenderObject\ComRenderObject.h">
      <Filter>Component\RenderObject</Filter>
    </ClInclude>
    <ClInclude Include="EntityEvent.h" />
  </ItemGroup>
  <ItemGroup>
    <ClCompile Include="Entity\IEntity.cpp">
      <Filter>Entity</Filter>
    </ClCompile>
    <ClCompile Include="stdafx.cpp" />
    <ClCompile Include="EntitySystem.cpp" />
    <ClCompile Include="Component\IComponent.cpp">
      <Filter>Component</Filter>
    </ClCompile>
    <ClCompile Include="Component\RenderObject\ComRenderObject.cpp">
      <Filter>Component\RenderObject</Filter>
    </ClCompile>
  </ItemGroup>
</Project>