
Microsoft Visual Studio Solution File, Format Version 9.00
# Visual Studio 2005
Project("{8BC9CEB8-8B4A-11D0-8D11-00A0C91BC942}") = "choding", "choding\choding.vcproj", "{73F5138D-F518-49EA-81A1-40AB0DA84E9E}"
	ProjectSection(ProjectDependencies) = postProject
		{4532E540-0FED-4A93-BB17-03F7214E661B} = {4532E540-0FED-4A93-BB17-03F7214E661B}
	EndProjectSection
EndProject
Project("{8BC9CEB8-8B4A-11D0-8D11-00A0C91BC942}") = "Snowboard", "chodingModule\Snowboard\Snowboard.vcproj", "{4532E540-0FED-4A93-BB17-03F7214E661B}"
EndProject
Project("{8BC9CEB8-8B4A-11D0-8D11-00A0C91BC942}") = "Unittest", "UnitTest\Unittest\Unittest.vcproj", "{7EC726BF-657A-4F2D-BA24-7EB5F418C11B}"
	ProjectSection(ProjectDependencies) = postProject
		{C8F6C172-56F2-4E76-B5FA-C3B423B31BE7} = {C8F6C172-56F2-4E76-B5FA-C3B423B31BE7}
		{73F5138D-F518-49EA-81A1-40AB0DA84E9E} = {73F5138D-F518-49EA-81A1-40AB0DA84E9E}
	EndProjectSection
EndProject
Project("{8BC9CEB8-8B4A-11D0-8D11-00A0C91BC942}") = "gtest", "chodingModule\gtest-1.6.0\msvc\gtest.vcproj", "{C8F6C172-56F2-4E76-B5FA-C3B423B31BE7}"
EndProject
Project("{2150E333-8FDC-42A3-9474-1A3956D46DE8}") = "SUN", "SUN", "{1905EAF3-CF7F-4748-A1BB-40C6EC9F643D}"
EndProject
Project("{8BC9CEB8-8B4A-11D0-8D11-00A0C91BC942}") = "SUN", "SUN\SUN\SUN.vcproj", "{566FB092-3269-4078-A375-57EDA5BCCD18}"
EndProject
Project("{8BC9CEB8-8B4A-11D0-8D11-00A0C91BC942}") = "TestApp", "SUN\TestApp\TestApp.vcproj", "{71913EDF-B6F6-4292-992D-E0647CF2A623}"
EndProject
Project("{8BC9CEB8-8B4A-11D0-8D11-00A0C91BC942}") = "SUNBridge", "SUN\SUNBridge\SUNBridge.vcproj", "{8378AC63-C105-403D-91A0-BDCC80060666}"
EndProject
Project("{8BC9CEB8-8B4A-11D0-8D11-00A0C91BC942}") = "UnitTest", "SUN\UnitTest\UnitTest.vcproj", "{51D9CA1A-3630-41FE-A53C-E896672EE70C}"
EndProject
Global
	GlobalSection(SolutionConfigurationPlatforms) = preSolution
		Debug|Win32 = Debug|Win32
		Release|Win32 = Release|Win32
	EndGlobalSection
	GlobalSection(ProjectConfigurationPlatforms) = postSolution
		{73F5138D-F518-49EA-81A1-40AB0DA84E9E}.Debug|Win32.ActiveCfg = Debug|Win32
		{73F5138D-F518-49EA-81A1-40AB0DA84E9E}.Debug|Win32.Build.0 = Debug|Win32
		{73F5138D-F518-49EA-81A1-40AB0DA84E9E}.Release|Win32.ActiveCfg = Release|Win32
		{73F5138D-F518-49EA-81A1-40AB0DA84E9E}.Release|Win32.Build.0 = Release|Win32
		{4532E540-0FED-4A93-BB17-03F7214E661B}.Debug|Win32.ActiveCfg = Debug|Win32
		{4532E540-0FED-4A93-BB17-03F7214E661B}.Debug|Win32.Build.0 = Debug|Win32
		{4532E540-0FED-4A93-BB17-03F7214E661B}.Release|Win32.ActiveCfg = Release|Win32
		{4532E540-0FED-4A93-BB17-03F7214E661B}.Release|Win32.Build.0 = Release|Win32
		{7EC726BF-657A-4F2D-BA24-7EB5F418C11B}.Debug|Win32.ActiveCfg = Debug|Win32
		{7EC726BF-657A-4F2D-BA24-7EB5F418C11B}.Debug|Win32.Build.0 = Debug|Win32
		{7EC726BF-657A-4F2D-BA24-7EB5F418C11B}.Release|Win32.ActiveCfg = Release|Win32
		{7EC726BF-657A-4F2D-BA24-7EB5F418C11B}.Release|Win32.Build.0 = Release|Win32
		{C8F6C172-56F2-4E76-B5FA-C3B423B31BE7}.Debug|Win32.ActiveCfg = Debug|Win32
		{C8F6C172-56F2-4E76-B5FA-C3B423B31BE7}.Debug|Win32.Build.0 = Debug|Win32
		{C8F6C172-56F2-4E76-B5FA-C3B423B31BE7}.Release|Win32.ActiveCfg = Release|Win32
		{C8F6C172-56F2-4E76-B5FA-C3B423B31BE7}.Release|Win32.Build.0 = Release|Win32
		{566FB092-3269-4078-A375-57EDA5BCCD18}.Debug|Win32.ActiveCfg = Debug|Win32
		{566FB092-3269-4078-A375-57EDA5BCCD18}.Debug|Win32.Build.0 = Debug|Win32
		{566FB092-3269-4078-A375-57EDA5BCCD18}.Release|Win32.ActiveCfg = Release|Win32
		{566FB092-3269-4078-A375-57EDA5BCCD18}.Release|Win32.Build.0 = Release|Win32
		{71913EDF-B6F6-4292-992D-E0647CF2A623}.Debug|Win32.ActiveCfg = Debug|Win32
		{71913EDF-B6F6-4292-992D-E0647CF2A623}.Debug|Win32.Build.0 = Debug|Win32
		{71913EDF-B6F6-4292-992D-E0647CF2A623}.Release|Win32.ActiveCfg = Release|Win32
		{71913EDF-B6F6-4292-992D-E0647CF2A623}.Release|Win32.Build.0 = Release|Win32
		{8378AC63-C105-403D-91A0-BDCC80060666}.Debug|Win32.ActiveCfg = Debug|Win32
		{8378AC63-C105-403D-91A0-BDCC80060666}.Debug|Win32.Build.0 = Debug|Win32
		{8378AC63-C105-403D-91A0-BDCC80060666}.Release|Win32.ActiveCfg = Release|Win32
		{8378AC63-C105-403D-91A0-BDCC80060666}.Release|Win32.Build.0 = Release|Win32
		{51D9CA1A-3630-41FE-A53C-E896672EE70C}.Debug|Win32.ActiveCfg = Debug|Win32
		{51D9CA1A-3630-41FE-A53C-E896672EE70C}.Debug|Win32.Build.0 = Debug|Win32
		{51D9CA1A-3630-41FE-A53C-E896672EE70C}.Release|Win32.ActiveCfg = Release|Win32
		{51D9CA1A-3630-41FE-A53C-E896672EE70C}.Release|Win32.Build.0 = Release|Win32
	EndGlobalSection
	GlobalSection(SolutionProperties) = preSolution
		HideSolutionNode = FALSE
	EndGlobalSection
	GlobalSection(NestedProjects) = preSolution
		{566FB092-3269-4078-A375-57EDA5BCCD18} = {1905EAF3-CF7F-4748-A1BB-40C6EC9F643D}
		{71913EDF-B6F6-4292-992D-E0647CF2A623} = {1905EAF3-CF7F-4748-A1BB-40C6EC9F643D}
		{8378AC63-C105-403D-91A0-BDCC80060666} = {1905EAF3-CF7F-4748-A1BB-40C6EC9F643D}
		{51D9CA1A-3630-41FE-A53C-E896672EE70C} = {1905EAF3-CF7F-4748-A1BB-40C6EC9F643D}
	EndGlobalSection
EndGlobal
